
Microsoft Visual Studio Solution File, Format Version 12.00
# Visual Studio 15
VisualStudioVersion = 15.0.27004.2005
MinimumVisualStudioVersion = 10.0.40219.1
Project("{FAE04EC0-301F-11D3-BF4B-00C04F79EFBC}") = "LSS.Api", "LSS.Api\LSS.Api.csproj", "{C0561A0F-FA95-4250-88E7-BCB7F08A87B0}"
EndProject
Project("{FAE04EC0-301F-11D3-BF4B-00C04F79EFBC}") = "LSS.Data", "LSS.Data\LSS.Data.csproj", "{E30D8C0C-2046-4AAB-9014-DB0FE69B1CA5}"
EndProject
Project("{FAE04EC0-301F-11D3-BF4B-00C04F79EFBC}") = "LSS.Services", "LSS.Services\LSS.Services.csproj", "{21AA82E8-9628-48E3-BE67-A0298C6D512E}"
EndProject
Global
	GlobalSection(SolutionConfigurationPlatforms) = preSolution
		Debug|Any CPU = Debug|Any CPU
		Release|Any CPU = Release|Any CPU
	EndGlobalSection
	GlobalSection(ProjectConfigurationPlatforms) = postSolution
		{C0561A0F-FA95-4250-88E7-BCB7F08A87B0}.Debug|Any CPU.ActiveCfg = Debug|Any CPU
		{C0561A0F-FA95-4250-88E7-BCB7F08A87B0}.Debug|Any CPU.Build.0 = Debug|Any CPU
		{C0561A0F-FA95-4250-88E7-BCB7F08A87B0}.Release|Any CPU.ActiveCfg = Release|Any CPU
		{C0561A0F-FA95-4250-88E7-BCB7F08A87B0}.Release|Any CPU.Build.0 = Release|Any CPU
		{E30D8C0C-2046-4AAB-9014-DB0FE69B1CA5}.Debug|Any CPU.ActiveCfg = Debug|Any CPU
		{E30D8C0C-2046-4AAB-9014-DB0FE69B1CA5}.Debug|Any CPU.Build.0 = Debug|Any CPU
		{E30D8C0C-2046-4AAB-9014-DB0FE69B1CA5}.Release|Any CPU.ActiveCfg = Release|Any CPU
		{E30D8C0C-2046-4AAB-9014-DB0FE69B1CA5}.Release|Any CPU.Build.0 = Release|Any CPU
		{21AA82E8-9628-48E3-BE67-A0298C6D512E}.Debug|Any CPU.ActiveCfg = Debug|Any CPU
		{21AA82E8-9628-48E3-BE67-A0298C6D512E}.Debug|Any CPU.Build.0 = Debug|Any CPU
		{21AA82E8-9628-48E3-BE67-A0298C6D512E}.Release|Any CPU.ActiveCfg = Release|Any CPU
		{21AA82E8-9628-48E3-BE67-A0298C6D512E}.Release|Any CPU.Build.0 = Release|Any CPU
	EndGlobalSection
	GlobalSection(SolutionProperties) = preSolution
		HideSolutionNode = FALSE
	EndGlobalSection
	GlobalSection(ExtensibilityGlobals) = postSolution
		SolutionGuid = {998F54AB-8894-43CD-AB12-74A0D14B153A}
	EndGlobalSection
EndGlobal
