
Microsoft Visual Studio Solution File, Format Version 12.00
# Visual Studio 15
VisualStudioVersion = 15.0.27004.2006
MinimumVisualStudioVersion = 10.0.40219.1
Project("{FAE04EC0-301F-11D3-BF4B-00C04F79EFBC}") = "Project.Data", "Project.Data\Project.Data.csproj", "{743D8053-3D8D-4604-9B82-9DE86134F5D1}"
EndProject
Project("{FAE04EC0-301F-11D3-BF4B-00C04F79EFBC}") = "Project.Models", "Project.Models\Project.Models.csproj", "{94B65A22-835D-4FAC-B65F-D3FF811FD5DD}"
EndProject
Project("{FAE04EC0-301F-11D3-BF4B-00C04F79EFBC}") = "Project.App", "Project.App\Project.App.csproj", "{36C0B307-7AFE-4E5E-BEFE-620D792402F7}"
EndProject
Global
	GlobalSection(SolutionConfigurationPlatforms) = preSolution
		Debug|Any CPU = Debug|Any CPU
		Release|Any CPU = Release|Any CPU
	EndGlobalSection
	GlobalSection(ProjectConfigurationPlatforms) = postSolution
		{743D8053-3D8D-4604-9B82-9DE86134F5D1}.Debug|Any CPU.ActiveCfg = Debug|Any CPU
		{743D8053-3D8D-4604-9B82-9DE86134F5D1}.Debug|Any CPU.Build.0 = Debug|Any CPU
		{743D8053-3D8D-4604-9B82-9DE86134F5D1}.Release|Any CPU.ActiveCfg = Release|Any CPU
		{743D8053-3D8D-4604-9B82-9DE86134F5D1}.Release|Any CPU.Build.0 = Release|Any CPU
		{94B65A22-835D-4FAC-B65F-D3FF811FD5DD}.Debug|Any CPU.ActiveCfg = Debug|Any CPU
		{94B65A22-835D-4FAC-B65F-D3FF811FD5DD}.Debug|Any CPU.Build.0 = Debug|Any CPU
		{94B65A22-835D-4FAC-B65F-D3FF811FD5DD}.Release|Any CPU.ActiveCfg = Release|Any CPU
		{94B65A22-835D-4FAC-B65F-D3FF811FD5DD}.Release|Any CPU.Build.0 = Release|Any CPU
		{36C0B307-7AFE-4E5E-BEFE-620D792402F7}.Debug|Any CPU.ActiveCfg = Debug|Any CPU
		{36C0B307-7AFE-4E5E-BEFE-620D792402F7}.Debug|Any CPU.Build.0 = Debug|Any CPU
		{36C0B307-7AFE-4E5E-BEFE-620D792402F7}.Release|Any CPU.ActiveCfg = Release|Any CPU
		{36C0B307-7AFE-4E5E-BEFE-620D792402F7}.Release|Any CPU.Build.0 = Release|Any CPU
	EndGlobalSection
	GlobalSection(SolutionProperties) = preSolution
		HideSolutionNode = FALSE
	EndGlobalSection
	GlobalSection(ExtensibilityGlobals) = postSolution
		SolutionGuid = {06120259-6FDC-4274-AD39-FFD0F2776D35}
	EndGlobalSection
EndGlobal
